
Microsoft Visual Studio Solution File, Format Version 12.00
# Visual Studio Version 17
VisualStudioVersion = 17.2.32616.157
MinimumVisualStudioVersion = 10.0.40219.1
Project("{9A19103F-16F7-4668-BE54-9A1E7A4F7556}") = "MoodAnalyzerProblem", "MoodAnalyzerProblem\MoodAnalyzerProblem.csproj", "{3ED46A56-7132-49C8-8428-9B84E2CFE9C9}"
EndProject
Project("{FAE04EC0-301F-11D3-BF4B-00C04F79EFBC}") = "MoodAnalyserTest", "MoodAnalyserTest\MoodAnalyserTest.csproj", "{07527499-9354-4826-8598-4B976BF32002}"
EndProject
Global
	GlobalSection(SolutionConfigurationPlatforms) = preSolution
		Debug|Any CPU = Debug|Any CPU
		Release|Any CPU = Release|Any CPU
	EndGlobalSection
	GlobalSection(ProjectConfigurationPlatforms) = postSolution
		{3ED46A56-7132-49C8-8428-9B84E2CFE9C9}.Debug|Any CPU.ActiveCfg = Debug|Any CPU
		{3ED46A56-7132-49C8-8428-9B84E2CFE9C9}.Debug|Any CPU.Build.0 = Debug|Any CPU
		{3ED46A56-7132-49C8-8428-9B84E2CFE9C9}.Release|Any CPU.ActiveCfg = Release|Any CPU
		{3ED46A56-7132-49C8-8428-9B84E2CFE9C9}.Release|Any CPU.Build.0 = Release|Any CPU
		{07527499-9354-4826-8598-4B976BF32002}.Debug|Any CPU.ActiveCfg = Debug|Any CPU
		{07527499-9354-4826-8598-4B976BF32002}.Debug|Any CPU.Build.0 = Debug|Any CPU
		{07527499-9354-4826-8598-4B976BF32002}.Release|Any CPU.ActiveCfg = Release|Any CPU
		{07527499-9354-4826-8598-4B976BF32002}.Release|Any CPU.Build.0 = Release|Any CPU
	EndGlobalSection
	GlobalSection(SolutionProperties) = preSolution
		HideSolutionNode = FALSE
	EndGlobalSection
	GlobalSection(ExtensibilityGlobals) = postSolution
		SolutionGuid = {4D6FE855-8811-45BF-BADA-3A2B6BF4583C}
	EndGlobalSection
EndGlobal
